
Microsoft Visual Studio Solution File, Format Version 12.00
# Visual Studio 15
VisualStudioVersion = 15.0.26430.13
MinimumVisualStudioVersion = 10.0.40219.1
Project("{FAE04EC0-301F-11D3-BF4B-00C04F79EFBC}") = "DotNet.DependencyInjectionBenchmarks", "src\DotNet.DependencyInjectionBenchmarks\DotNet.DependencyInjectionBenchmarks.csproj", "{E37BB527-D2CA-4545-8C09-C93C7CE1BCBC}"
EndProject
Global
	GlobalSection(SolutionConfigurationPlatforms) = preSolution
		Debug|Any CPU = Debug|Any CPU
		Release|Any CPU = Release|Any CPU
	EndGlobalSection
	GlobalSection(ProjectConfigurationPlatforms) = postSolution
		{E37BB527-D2CA-4545-8C09-C93C7CE1BCBC}.Debug|Any CPU.ActiveCfg = Debug|Any CPU
		{E37BB527-D2CA-4545-8C09-C93C7CE1BCBC}.Debug|Any CPU.Build.0 = Debug|Any CPU
		{E37BB527-D2CA-4545-8C09-C93C7CE1BCBC}.Release|Any CPU.ActiveCfg = Release|Any CPU
		{E37BB527-D2CA-4545-8C09-C93C7CE1BCBC}.Release|Any CPU.Build.0 = Release|Any CPU
	EndGlobalSection
	GlobalSection(SolutionProperties) = preSolution
		HideSolutionNode = FALSE
	EndGlobalSection
EndGlobal
